{
    "version": 3,
    "terraform_version": "0.7.13",
    "serial": 0,
    "lineage": "17bee6dd-e3f8-49d3-86c1-5f335fe35c73",
    "modules": [
        {
            "path": [
                "root"
            ],
            "outputs": {},
            "resources": {
                "aws_lambda_permission.allow_alexa_skill": {
                    "type": "aws_lambda_permission",
                    "depends_on": [],
                    "primary": {
                        "id": "1234",
                        "attributes": {
                            "action": "lambda:InvokeFunction",
                            "function_name": "arn:aws:lambda:us-east-1:124223853155:function:alexa-example_alexa-test",
                            "id": "1234",
                            "principal": "alexa-appkit.amazon.com",
                            "statement_id": "1234"
                        },
                        "meta": {},
                        "tainted": false
                    },
                    "deposed": [],
                    "provider": ""
                }
            },
            "depends_on": []
        }
    ]
}
